// !$*UTF8*$!
{
	archiveVersion = 1;
	classes = {
	};
	objectVersion = 55;
	objects = {

/* Begin PBXBuildFile section */
		97419FC927004D2F00FE6E42 /* SpatialConverter.swift in Sources */ = {isa = PBXBuildFile; fileRef = 97419FC827004D2F00FE6E42 /* SpatialConverter.swift */; };
		97419FCB2700514D00FE6E42 /* ImageCapture.swift in Sources */ = {isa = PBXBuildFile; fileRef = 97419FCA2700514D00FE6E42 /* ImageCapture.swift */; };
		97419FCD27005D6400FE6E42 /* CIImageExtension.swift in Sources */ = {isa = PBXBuildFile; fileRef = 97419FCC27005D6300FE6E42 /* CIImageExtension.swift */; };
		976E2FC32703BA5C00CB8707 /* IndicatorView.swift in Sources */ = {isa = PBXBuildFile; fileRef = 976E2FC22703BA5C00CB8707 /* IndicatorView.swift */; };
		97EE547826FC828C00BD2488 /* AppDelegate.swift in Sources */ = {isa = PBXBuildFile; fileRef = 97EE547726FC828C00BD2488 /* AppDelegate.swift */; };
		97EE547A26FC828C00BD2488 /* SceneDelegate.swift in Sources */ = {isa = PBXBuildFile; fileRef = 97EE547926FC828C00BD2488 /* SceneDelegate.swift */; };
		97EE547C26FC828C00BD2488 /* ViewController.swift in Sources */ = {isa = PBXBuildFile; fileRef = 97EE547B26FC828C00BD2488 /* ViewController.swift */; };
		97EE547F26FC828C00BD2488 /* Main.storyboard in Resources */ = {isa = PBXBuildFile; fileRef = 97EE547D26FC828C00BD2488 /* Main.storyboard */; };
		97EE548126FC828E00BD2488 /* Assets.xcassets in Resources */ = {isa = PBXBuildFile; fileRef = 97EE548026FC828E00BD2488 /* Assets.xcassets */; };
		97EE548426FC828E00BD2488 /* LaunchScreen.storyboard in Resources */ = {isa = PBXBuildFile; fileRef = 97EE548226FC828E00BD2488 /* LaunchScreen.storyboard */; };
/* End PBXBuildFile section */

/* Begin PBXFileReference section */
		97419FC827004D2F00FE6E42 /* SpatialConverter.swift */ = {isa = PBXFileReference; lastKnownFileType = sourcecode.swift; path = SpatialConverter.swift; sourceTree = "<group>"; };
		97419FCA2700514D00FE6E42 /* ImageCapture.swift */ = {isa = PBXFileReference; fileEncoding = 4; lastKnownFileType = sourcecode.swift; path = ImageCapture.swift; sourceTree = "<group>"; };
		97419FCC27005D6300FE6E42 /* CIImageExtension.swift */ = {isa = PBXFileReference; fileEncoding = 4; lastKnownFileType = sourcecode.swift; path = CIImageExtension.swift; sourceTree = "<group>"; };
		976E2FC22703BA5C00CB8707 /* IndicatorView.swift */ = {isa = PBXFileReference; fileEncoding = 4; lastKnownFileType = sourcecode.swift; path = IndicatorView.swift; sourceTree = "<group>"; };
		97EE547426FC828C00BD2488 /* DirectionDetection.app */ = {isa = PBXFileReference; explicitFileType = wrapper.application; includeInIndex = 0; path = DirectionDetection.app; sourceTree = BUILT_PRODUCTS_DIR; };
		97EE547726FC828C00BD2488 /* AppDelegate.swift */ = {isa = PBXFileReference; lastKnownFileType = sourcecode.swift; path = AppDelegate.swift; sourceTree = "<group>"; };
		97EE547926FC828C00BD2488 /* SceneDelegate.swift */ = {isa = PBXFileReference; lastKnownFileType = sourcecode.swift; path = SceneDelegate.swift; sourceTree = "<group>"; };
		97EE547B26FC828C00BD2488 /* ViewController.swift */ = {isa = PBXFileReference; lastKnownFileType = sourcecode.swift; path = ViewController.swift; sourceTree = "<group>"; };
		97EE547E26FC828C00BD2488 /* Base */ = {isa = PBXFileReference; lastKnownFileType = file.storyboard; name = Base; path = Base.lproj/Main.storyboard; sourceTree = "<group>"; };
		97EE548026FC828E00BD2488 /* Assets.xcassets */ = {isa = PBXFileReference; lastKnownFileType = folder.assetcatalog; path = Assets.xcassets; sourceTree = "<group>"; };
		97EE548326FC828E00BD2488 /* Base */ = {isa = PBXFileReference; lastKnownFileType = file.storyboard; name = Base; path = Base.lproj/LaunchScreen.storyboard; sourceTree = "<group>"; };
		97EE548526FC828E00BD2488 /* Info.plist */ = {isa = PBXFileReference; lastKnownFileType = text.plist.xml; path = Info.plist; sourceTree = "<group>"; };
/* End PBXFileReference section */

/* Begin PBXFrameworksBuildPhase section */
		97EE547126FC828C00BD2488 /* Frameworks */ = {
			isa = PBXFrameworksBuildPhase;
			buildActionMask = 2147483647;
			files = (
			);
			runOnlyForDeploymentPostprocessing = 0;
		};
/* End PBXFrameworksBuildPhase section */

/* Begin PBXGroup section */
		97419FC727004D1B00FE6E42 /* Util */ = {
			isa = PBXGroup;
			children = (
				97419FCA2700514D00FE6E42 /* ImageCapture.swift */,
				97419FC827004D2F00FE6E42 /* SpatialConverter.swift */,
				97419FCC27005D6300FE6E42 /* CIImageExtension.swift */,
			);
			path = Util;
			sourceTree = "<group>";
		};
		97EE546B26FC828C00BD2488 = {
			isa = PBXGroup;
			children = (
				97EE547626FC828C00BD2488 /* DirectionDetection */,
				97EE547526FC828C00BD2488 /* Products */,
			);
			sourceTree = "<group>";
		};
		97EE547526FC828C00BD2488 /* Products */ = {
			isa = PBXGroup;
			children = (
				97EE547426FC828C00BD2488 /* DirectionDetection.app */,
			);
			name = Products;
			sourceTree = "<group>";
		};
		97EE547626FC828C00BD2488 /* DirectionDetection */ = {
			isa = PBXGroup;
			children = (
				97EE547726FC828C00BD2488 /* AppDelegate.swift */,
				97EE547926FC828C00BD2488 /* SceneDelegate.swift */,
				97EE547B26FC828C00BD2488 /* ViewController.swift */,
				976E2FC22703BA5C00CB8707 /* IndicatorView.swift */,
				97419FC727004D1B00FE6E42 /* Util */,
				97EE547D26FC828C00BD2488 /* Main.storyboard */,
				97EE548026FC828E00BD2488 /* Assets.xcassets */,
				97EE548226FC828E00BD2488 /* LaunchScreen.storyboard */,
				97EE548526FC828E00BD2488 /* Info.plist */,
			);
			path = DirectionDetection;
			sourceTree = "<group>";
		};
/* End PBXGroup section */

/* Begin PBXNativeTarget section */
		97EE547326FC828C00BD2488 /* DirectionDetection */ = {
			isa = PBXNativeTarget;
			buildConfigurationList = 97EE548826FC828E00BD2488 /* Build configuration list for PBXNativeTarget "DirectionDetection" */;
			buildPhases = (
				97EE547026FC828C00BD2488 /* Sources */,
				97EE547126FC828C00BD2488 /* Frameworks */,
				97EE547226FC828C00BD2488 /* Resources */,
			);
			buildRules = (
			);
			dependencies = (
			);
			name = DirectionDetection;
			productName = DirectionDetection;
			productReference = 97EE547426FC828C00BD2488 /* DirectionDetection.app */;
			productType = "com.apple.product-type.application";
		};
/* End PBXNativeTarget section */

/* Begin PBXProject section */
		97EE546C26FC828C00BD2488 /* Project object */ = {
			isa = PBXProject;
			attributes = {
				BuildIndependentTargetsInParallel = 1;
				LastSwiftUpdateCheck = 1300;
				LastUpgradeCheck = 1300;
				TargetAttributes = {
					97EE547326FC828C00BD2488 = {
						CreatedOnToolsVersion = 13.0;
					};
				};
			};
			buildConfigurationList = 97EE546F26FC828C00BD2488 /* Build configuration list for PBXProject "DirectionDetection" */;
			compatibilityVersion = "Xcode 13.0";
			developmentRegion = en;
			hasScannedForEncodings = 0;
			knownRegions = (
				en,
				Base,
			);
			mainGroup = 97EE546B26FC828C00BD2488;
			productRefGroup = 97EE547526FC828C00BD2488 /* Products */;
			projectDirPath = "";
			projectRoot = "";
			targets = (
				97EE547326FC828C00BD2488 /* DirectionDetection */,
			);
		};
/* End PBXProject section */

/* Begin PBXResourcesBuildPhase section */
		97EE547226FC828C00BD2488 /* Resources */ = {
			isa = PBXResourcesBuildPhase;
			buildActionMask = 2147483647;
			files = (
				97EE548426FC828E00BD2488 /* LaunchScreen.storyboard in Resources */,
				97EE548126FC828E00BD2488 /* Assets.xcassets in Resources */,
				97EE547F26FC828C00BD2488 /* Main.storyboard in Resources */,
			);
			runOnlyForDeploymentPostprocessing = 0;
		};
/* End PBXResourcesBuildPhase section */

/* Begin PBXSourcesBuildPhase section */
		97EE547026FC828C00BD2488 /* Sources */ = {
			isa = PBXSourcesBuildPhase;
			buildActionMask = 2147483647;
			files = (
				97419FCB2700514D00FE6E42 /* ImageCapture.swift in Sources */,
				97EE547C26FC828C00BD2488 /* ViewController.swift in Sources */,
				97EE547826FC828C00BD2488 /* AppDelegate.swift in Sources */,
				976E2FC32703BA5C00CB8707 /* IndicatorView.swift in Sources */,
				97EE547A26FC828C00BD2488 /* SceneDelegate.swift in Sources */,
				97419FC927004D2F00FE6E42 /* SpatialConverter.swift in Sources */,
				97419FCD27005D6400FE6E42 /* CIImageExtension.swift in Sources */,
			);
			runOnlyForDeploymentPostprocessing = 0;
		};
/* End PBXSourcesBuildPhase section */

/* Begin PBXVariantGroup section */
		97EE547D26FC828C00BD2488 /* Main.storyboard */ = {
			isa = PBXVariantGroup;
			children = (
				97EE547E26FC828C00BD2488 /* Base */,
			);
			name = Main.storyboard;
			sourceTree = "<group>";
		};
		97EE548226FC828E00BD2488 /* LaunchScreen.storyboard */ = {
			isa = PBXVariantGroup;
			children = (
				97EE548326FC828E00BD2488 /* Base */,
			);
			name = LaunchScreen.storyboard;
			sourceTree = "<group>";
		};
/* End PBXVariantGroup section */

/* Begin XCBuildConfiguration section */
		97EE548626FC828E00BD2488 /* Debug */ = {
			isa = XCBuildConfiguration;
			buildSettings = {
				ALWAYS_SEARCH_USER_PATHS = NO;
				CLANG_ANALYZER_NONNULL = YES;
				CLANG_ANALYZER_NUMBER_OBJECT_CONVERSION = YES_AGGRESSIVE;
				CLANG_CXX_LANGUAGE_STANDARD = "gnu++17";
				CLANG_CXX_LIBRARY = "libc++";
				CLANG_ENABLE_MODULES = YES;
				CLANG_ENABLE_OBJC_ARC = YES;
				CLANG_ENABLE_OBJC_WEAK = YES;
				CLANG_WARN_BLOCK_CAPTURE_AUTORELEASING = YES;
				CLANG_WARN_BOOL_CONVERSION = YES;
				CLANG_WARN_COMMA = YES;
				CLANG_WARN_CONSTANT_CONVERSION = YES;
				CLANG_WARN_DEPRECATED_OBJC_IMPLEMENTATIONS = YES;
				CLANG_WARN_DIRECT_OBJC_ISA_USAGE = YES_ERROR;
				CLANG_WARN_DOCUMENTATION_COMMENTS = YES;
				CLANG_WARN_EMPTY_BODY = YES;
				CLANG_WARN_ENUM_CONVERSION = YES;
				CLANG_WARN_INFINITE_RECURSION = YES;
				CLANG_WARN_INT_CONVERSION = YES;
				CLANG_WARN_NON_LITERAL_NULL_CONVERSION = YES;
				CLANG_WARN_OBJC_IMPLICIT_RETAIN_SELF = YES;
				CLANG_WARN_OBJC_LITERAL_CONVERSION = YES;
				CLANG_WARN_OBJC_ROOT_CLASS = YES_ERROR;
				CLANG_WARN_QUOTED_INCLUDE_IN_FRAMEWORK_HEADER = YES;
				CLANG_WARN_RANGE_LOOP_ANALYSIS = YES;
				CLANG_WARN_STRICT_PROTOTYPES = YES;
				CLANG_WARN_SUSPICIOUS_MOVE = YES;
				CLANG_WARN_UNGUARDED_AVAILABILITY = YES_AGGRESSIVE;
				CLANG_WARN_UNREACHABLE_CODE = YES;
				CLANG_WARN__DUPLICATE_METHOD_MATCH = YES;
				COPY_PHASE_STRIP = NO;
				DEBUG_INFORMATION_FORMAT = dwarf;
				ENABLE_STRICT_OBJC_MSGSEND = YES;
				ENABLE_TESTABILITY = YES;
				GCC_C_LANGUAGE_STANDARD = gnu11;
				GCC_DYNAMIC_NO_PIC = NO;
				GCC_NO_COMMON_BLOCKS = YES;
				GCC_OPTIMIZATION_LEVEL = 0;
				GCC_PREPROCESSOR_DEFINITIONS = (
					"DEBUG=1",
					"$(inherited)",
				);
				GCC_WARN_64_TO_32_BIT_CONVERSION = YES;
				GCC_WARN_ABOUT_RETURN_TYPE = YES_ERROR;
				GCC_WARN_UNDECLARED_SELECTOR = YES;
				GCC_WARN_UNINITIALIZED_AUTOS = YES_AGGRESSIVE;
				GCC_WARN_UNUSED_FUNCTION = YES;
				GCC_WARN_UNUSED_VARIABLE = YES;
				IPHONEOS_DEPLOYMENT_TARGET = 13.1;
				MTL_ENABLE_DEBUG_INFO = INCLUDE_SOURCE;
				MTL_FAST_MATH = YES;
				ONLY_ACTIVE_ARCH = YES;
				SDKROOT = iphoneos;
				SWIFT_ACTIVE_COMPILATION_CONDITIONS = DEBUG;
				SWIFT_OPTIMIZATION_LEVEL = "-Onone";
			};
			name = Debug;
		};
		97EE548726FC828E00BD2488 /* Release */ = {
			isa = XCBuildConfiguration;
			buildSettings = {
				ALWAYS_SEARCH_USER_PATHS = NO;
				CLANG_ANALYZER_NONNULL = YES;
				CLANG_ANALYZER_NUMBER_OBJECT_CONVERSION = YES_AGGRESSIVE;
				CLANG_CXX_LANGUAGE_STANDARD = "gnu++17";
				CLANG_CXX_LIBRARY = "libc++";
				CLANG_ENABLE_MODULES = YES;
				CLANG_ENABLE_OBJC_ARC = YES;
				CLANG_ENABLE_OBJC_WEAK = YES;
				CLANG_WARN_BLOCK_CAPTURE_AUTORELEASING = YES;
				CLANG_WARN_BOOL_CONVERSION = YES;
				CLANG_WARN_COMMA = YES;
				CLANG_WARN_CONSTANT_CONVERSION = YES;
				CLANG_WARN_DEPRECATED_OBJC_IMPLEMENTATIONS = YES;
				CLANG_WARN_DIRECT_OBJC_ISA_USAGE = YES_ERROR;
				CLANG_WARN_DOCUMENTATION_COMMENTS = YES;
				CLANG_WARN_EMPTY_BODY = YES;
				CLANG_WARN_ENUM_CONVERSION = YES;
				CLANG_WARN_INFINITE_RECURSION = YES;
				CLANG_WARN_INT_CONVERSION = YES;
				CLANG_WARN_NON_LITERAL_NULL_CONVERSION = YES;
				CLANG_WARN_OBJC_IMPLICIT_RETAIN_SELF = YES;
				CLANG_WARN_OBJC_LITERAL_CONVERSION = YES;
				CLANG_WARN_OBJC_ROOT_CLASS = YES_ERROR;
				CLANG_WARN_QUOTED_INCLUDE_IN_FRAMEWORK_HEADER = YES;
				CLANG_WARN_RANGE_LOOP_ANALYSIS = YES;
				CLANG_WARN_STRICT_PROTOTYPES = YES;
				CLANG_WARN_SUSPICIOUS_MOVE = YES;
				CLANG_WARN_UNGUARDED_AVAILABILITY = YES_AGGRESSIVE;
				CLANG_WARN_UNREACHABLE_CODE = YES;
				CLANG_WARN__DUPLICATE_METHOD_MATCH = YES;
				COPY_PHASE_STRIP = NO;
				DEBUG_INFORMATION_FORMAT = "dwarf-with-dsym";
				ENABLE_NS_ASSERTIONS = NO;
				ENABLE_STRICT_OBJC_MSGSEND = YES;
				GCC_C_LANGUAGE_STANDARD = gnu11;
				GCC_NO_COMMON_BLOCKS = YES;
				GCC_WARN_64_TO_32_BIT_CONVERSION = YES;
				GCC_WARN_ABOUT_RETURN_TYPE = YES_ERROR;
				GCC_WARN_UNDECLARED_SELECTOR = YES;
				GCC_WARN_UNINITIALIZED_AUTOS = YES_AGGRESSIVE;
				GCC_WARN_UNUSED_FUNCTION = YES;
				GCC_WARN_UNUSED_VARIABLE = YES;
				IPHONEOS_DEPLOYMENT_TARGET = 13.1;
				MTL_ENABLE_DEBUG_INFO = NO;
				MTL_FAST_MATH = YES;
				SDKROOT = iphoneos;
				SWIFT_COMPILATION_MODE = wholemodule;
				SWIFT_OPTIMIZATION_LEVEL = "-O";
				VALIDATE_PRODUCT = YES;
			};
			name = Release;
		};
		97EE548926FC828E00BD2488 /* Debug */ = {
			isa = XCBuildConfiguration;
			buildSettings = {
				ASSETCATALOG_COMPILER_APPICON_NAME = AppIcon;
				ASSETCATALOG_COMPILER_GLOBAL_ACCENT_COLOR_NAME = AccentColor;
				CODE_SIGN_IDENTITY = "Apple Development";
				CODE_SIGN_STYLE = Manual;
				CURRENT_PROJECT_VERSION = 1;
				DEVELOPMENT_TEAM = "";
				GENERATE_INFOPLIST_FILE = YES;
				INFOPLIST_FILE = DirectionDetection/Info.plist;
				INFOPLIST_KEY_NSCameraUsageDescription = " ";
				INFOPLIST_KEY_UIApplicationSupportsIndirectInputEvents = YES;
				INFOPLIST_KEY_UILaunchStoryboardName = LaunchScreen;
				INFOPLIST_KEY_UIMainStoryboardFile = Main;
				INFOPLIST_KEY_UISupportedInterfaceOrientations = UIInterfaceOrientationPortrait;
				INFOPLIST_KEY_UISupportedInterfaceOrientations_iPad = "UIInterfaceOrientationPortrait UIInterfaceOrientationPortraitUpsideDown UIInterfaceOrientationLandscapeLeft UIInterfaceOrientationLandscapeRight";
				INFOPLIST_KEY_UISupportedInterfaceOrientations_iPhone = UIInterfaceOrientationPortrait;
				IPHONEOS_DEPLOYMENT_TARGET = 13.1;
				LD_RUNPATH_SEARCH_PATHS = (
					"$(inherited)",
					"@executable_path/Frameworks",
				);
				MARKETING_VERSION = 1.0;
				PRODUCT_BUNDLE_IDENTIFIER = net.sample.DirectionDetection;
				PRODUCT_NAME = "$(TARGET_NAME)";
				PROVISIONING_PROFILE_SPECIFIER = "";
				SWIFT_EMIT_LOC_STRINGS = YES;
				SWIFT_VERSION = 5.0;
				TARGETED_DEVICE_FAMILY = 1;
			};
			name = Debug;
		};
		97EE548A26FC828E00BD2488 /* Release */ = {
			isa = XCBuildConfiguration;
			buildSettings = {
				ASSETCATALOG_COMPILER_APPICON_NAME = AppIcon;
				ASSETCATALOG_COMPILER_GLOBAL_ACCENT_COLOR_NAME = AccentColor;
				CODE_SIGN_IDENTITY = "Apple Development";
				CODE_SIGN_STYLE = Manual;
				CURRENT_PROJECT_VERSION = 1;
				DEVELOPMENT_TEAM = "";
				GENERATE_INFOPLIST_FILE = YES;
				INFOPLIST_FILE = DirectionDetection/Info.plist;
				INFOPLIST_KEY_NSCameraUsageDescription = " ";
				INFOPLIST_KEY_UIApplicationSupportsIndirectInputEvents = YES;
				INFOPLIST_KEY_UILaunchStoryboardName = LaunchScreen;
				INFOPLIST_KEY_UIMainStoryboardFile = Main;
				INFOPLIST_KEY_UISupportedInterfaceOrientations = UIInterfaceOrientationPortrait;
				INFOPLIST_KEY_UISupportedInterfaceOrientations_iPad = "UIInterfaceOrientationPortrait UIInterfaceOrientationPortraitUpsideDown UIInterfaceOrientationLandscapeLeft UIInterfaceOrientationLandscapeRight";
				INFOPLIST_KEY_UISupportedInterfaceOrientations_iPhone = UIInterfaceOrientationPortrait;
				IPHONEOS_DEPLOYMENT_TARGET = 13.1;
				LD_RUNPATH_SEARCH_PATHS = (
					"$(inherited)",
					"@executable_path/Frameworks",
				);
				MARKETING_VERSION = 1.0;
				PRODUCT_BUNDLE_IDENTIFIER = net.sample.DirectionDetection;
				PRODUCT_NAME = "$(TARGET_NAME)";
				PROVISIONING_PROFILE_SPECIFIER = "";
				SWIFT_EMIT_LOC_STRINGS = YES;
				SWIFT_VERSION = 5.0;
				TARGETED_DEVICE_FAMILY = 1;
			};
			name = Release;
		};
/* End XCBuildConfiguration section */

/* Begin XCConfigurationList section */
		97EE546F26FC828C00BD2488 /* Build configuration list for PBXProject "DirectionDetection" */ = {
			isa = XCConfigurationList;
			buildConfigurations = (
				97EE548626FC828E00BD2488 /* Debug */,
				97EE548726FC828E00BD2488 /* Release */,
			);
			defaultConfigurationIsVisible = 0;
			defaultConfigurationName = Release;
		};
		97EE548826FC828E00BD2488 /* Build configuration list for PBXNativeTarget "DirectionDetection" */ = {
			isa = XCConfigurationList;
			buildConfigurations = (
				97EE548926FC828E00BD2488 /* Debug */,
				97EE548A26FC828E00BD2488 /* Release */,
			);
			defaultConfigurationIsVisible = 0;
			defaultConfigurationName = Release;
		};
/* End XCConfigurationList section */
	};
	rootObject = 97EE546C26FC828C00BD2488 /* Project object */;
}
